
Microsoft Visual Studio Solution File, Format Version 12.00
# Visual Studio 14
VisualStudioVersion = 14.0.25420.1
MinimumVisualStudioVersion = 10.0.40219.1
Project("{FAE04EC0-301F-11D3-BF4B-00C04F79EFBC}") = "DotNetPet", "DotNetPet\DotNetPet.csproj", "{98CD9FA4-D1EC-4CE2-925C-F1AA43230C2A}"
EndProject
Global
	GlobalSection(SolutionConfigurationPlatforms) = preSolution
		Debug|Any CPU = Debug|Any CPU
		Release|Any CPU = Release|Any CPU
	EndGlobalSection
	GlobalSection(ProjectConfigurationPlatforms) = postSolution
		{98CD9FA4-D1EC-4CE2-925C-F1AA43230C2A}.Debug|Any CPU.ActiveCfg = Debug|Any CPU
		{98CD9FA4-D1EC-4CE2-925C-F1AA43230C2A}.Debug|Any CPU.Build.0 = Debug|Any CPU
		{98CD9FA4-D1EC-4CE2-925C-F1AA43230C2A}.Release|Any CPU.ActiveCfg = Release|Any CPU
		{98CD9FA4-D1EC-4CE2-925C-F1AA43230C2A}.Release|Any CPU.Build.0 = Release|Any CPU
	EndGlobalSection
	GlobalSection(SolutionProperties) = preSolution
		HideSolutionNode = FALSE
	EndGlobalSection
EndGlobal
